Microsoft Visual Studio Solution File, Format Version 12.00
# Visual Studio Version 17
VisualStudioVersion = 17.4.33213.308
MinimumVisualStudioVersion = 10.0.40219.1
Project("{9A19103F-16F7-4668-BE54-9A1E7A4F7556}") = "HCC2_SCB_2", "HCC2_SCB_2.csproj", "{167B5610-DB49-1ED8-7BF9-C3742E7BD375}"
EndProject
Global
	GlobalSection(SolutionConfigurationPlatforms) = preSolution
		Debug|Any CPU = Debug|Any CPU
		Release|Any CPU = Release|Any CPU
	EndGlobalSection
	GlobalSection(ProjectConfigurationPlatforms) = postSolution
		{167B5610-DB49-1ED8-7BF9-C3742E7BD375}.Debug|Any CPU.ActiveCfg = Debug|Any CPU
		{167B5610-DB49-1ED8-7BF9-C3742E7BD375}.Debug|Any CPU.Build.0 = Debug|Any CPU
		{167B5610-DB49-1ED8-7BF9-C3742E7BD375}.Release|Any CPU.ActiveCfg = Release|Any CPU
		{167B5610-DB49-1ED8-7BF9-C3742E7BD375}.Release|Any CPU.Build.0 = Release|Any CPU
	EndGlobalSection
	GlobalSection(SolutionProperties) = preSolution
		HideSolutionNode = FALSE
	EndGlobalSection
	GlobalSection(ExtensibilityGlobals) = postSolution
		SolutionGuid = {7208AF4D-E79E-4056-A424-2A647F550802}
	EndGlobalSection
EndGlobal
